// !$*UTF8*$!
{
	archiveVersion = 1;
	classes = {
	};
	objectVersion = 50;
	objects = {

/* Begin PBXBuildFile section */
		D56D7C9F2216190600B3D409 /* AppDelegate.swift in Sources */ = {isa = PBXBuildFile; fileRef = D56D7C9E2216190600B3D409 /* AppDelegate.swift */; };
		D56D7CA12216190600B3D409 /* ViewController.swift in Sources */ = {isa = PBXBuildFile; fileRef = D56D7CA02216190600B3D409 /* ViewController.swift */; };
		D56D7CA42216190600B3D409 /* Main.storyboard in Resources */ = {isa = PBXBuildFile; fileRef = D56D7CA22216190600B3D409 /* Main.storyboard */; };
		D56D7CA72216190600B3D409 /* CS656_NFCAPP.xcdatamodeld in Sources */ = {isa = PBXBuildFile; fileRef = D56D7CA52216190600B3D409 /* CS656_NFCAPP.xcdatamodeld */; };
		D56D7CA92216190700B3D409 /* Assets.xcassets in Resources */ = {isa = PBXBuildFile; fileRef = D56D7CA82216190700B3D409 /* Assets.xcassets */; };
		D56D7CAC2216190700B3D409 /* LaunchScreen.storyboard in Resources */ = {isa = PBXBuildFile; fileRef = D56D7CAA2216190700B3D409 /* LaunchScreen.storyboard */; };
		D56D7CB72216190700B3D409 /* CS656_NFCAPPTests.swift in Sources */ = {isa = PBXBuildFile; fileRef = D56D7CB62216190700B3D409 /* CS656_NFCAPPTests.swift */; };
		D56D7CC22216190700B3D409 /* CS656_NFCAPPUITests.swift in Sources */ = {isa = PBXBuildFile; fileRef = D56D7CC12216190700B3D409 /* CS656_NFCAPPUITests.swift */; };
/* End PBXBuildFile section */

/* Begin PBXContainerItemProxy section */
		D56D7CB32216190700B3D409 /* PBXContainerItemProxy */ = {
			isa = PBXContainerItemProxy;
			containerPortal = D56D7C932216190500B3D409 /* Project object */;
			proxyType = 1;
			remoteGlobalIDString = D56D7C9A2216190500B3D409;
			remoteInfo = CS656_NFCAPP;
		};
		D56D7CBE2216190700B3D409 /* PBXContainerItemProxy */ = {
			isa = PBXContainerItemProxy;
			containerPortal = D56D7C932216190500B3D409 /* Project object */;
			proxyType = 1;
			remoteGlobalIDString = D56D7C9A2216190500B3D409;
			remoteInfo = CS656_NFCAPP;
		};
/* End PBXContainerItemProxy section */

/* Begin PBXFileReference section */
		D56D7C9B2216190600B3D409 /* CS656_NFCAPP.app */ = {isa = PBXFileReference; explicitFileType = wrapper.application; includeInIndex = 0; path = CS656_NFCAPP.app; sourceTree = BUILT_PRODUCTS_DIR; };
		D56D7C9E2216190600B3D409 /* AppDelegate.swift */ = {isa = PBXFileReference; lastKnownFileType = sourcecode.swift; path = AppDelegate.swift; sourceTree = "<group>"; };
		D56D7CA02216190600B3D409 /* ViewController.swift */ = {isa = PBXFileReference; lastKnownFileType = sourcecode.swift; path = ViewController.swift; sourceTree = "<group>"; };
		D56D7CA32216190600B3D409 /* Base */ = {isa = PBXFileReference; lastKnownFileType = file.storyboard; name = Base; path = Base.lproj/Main.storyboard; sourceTree = "<group>"; };
		D56D7CA62216190600B3D409 /* CS656_NFCAPP.xcdatamodel */ = {isa = PBXFileReference; lastKnownFileType = wrapper.xcdatamodel; path = CS656_NFCAPP.xcdatamodel; sourceTree = "<group>"; };
		D56D7CA82216190700B3D409 /* Assets.xcassets */ = {isa = PBXFileReference; lastKnownFileType = folder.assetcatalog; path = Assets.xcassets; sourceTree = "<group>"; };
		D56D7CAB2216190700B3D409 /* Base */ = {isa = PBXFileReference; lastKnownFileType = file.storyboard; name = Base; path = Base.lproj/LaunchScreen.storyboard; sourceTree = "<group>"; };
		D56D7CAD2216190700B3D409 /* Info.plist */ = {isa = PBXFileReference; lastKnownFileType = text.plist.xml; path = Info.plist; sourceTree = "<group>"; };
		D56D7CB22216190700B3D409 /* CS656_NFCAPPTests.xctest */ = {isa = PBXFileReference; explicitFileType = wrapper.cfbundle; includeInIndex = 0; path = CS656_NFCAPPTests.xctest; sourceTree = BUILT_PRODUCTS_DIR; };
		D56D7CB62216190700B3D409 /* CS656_NFCAPPTests.swift */ = {isa = PBXFileReference; lastKnownFileType = sourcecode.swift; path = CS656_NFCAPPTests.swift; sourceTree = "<group>"; };
		D56D7CB82216190700B3D409 /* Info.plist */ = {isa = PBXFileReference; lastKnownFileType = text.plist.xml; path = Info.plist; sourceTree = "<group>"; };
		D56D7CBD2216190700B3D409 /* CS656_NFCAPPUITests.xctest */ = {isa = PBXFileReference; explicitFileType = wrapper.cfbundle; includeInIndex = 0; path = CS656_NFCAPPUITests.xctest; sourceTree = BUILT_PRODUCTS_DIR; };
		D56D7CC12216190700B3D409 /* CS656_NFCAPPUITests.swift */ = {isa = PBXFileReference; lastKnownFileType = sourcecode.swift; path = CS656_NFCAPPUITests.swift; sourceTree = "<group>"; };
		D56D7CC32216190700B3D409 /* Info.plist */ = {isa = PBXFileReference; lastKnownFileType = text.plist.xml; path = Info.plist; sourceTree = "<group>"; };
/* End PBXFileReference section */

/* Begin PBXFrameworksBuildPhase section */
		D56D7C982216190500B3D409 /* Frameworks */ = {
			isa = PBXFrameworksBuildPhase;
			buildActionMask = 2147483647;
			files = (
			);
			runOnlyForDeploymentPostprocessing = 0;
		};
		D56D7CAF2216190700B3D409 /* Frameworks */ = {
			isa = PBXFrameworksBuildPhase;
			buildActionMask = 2147483647;
			files = (
			);
			runOnlyForDeploymentPostprocessing = 0;
		};
		D56D7CBA2216190700B3D409 /* Frameworks */ = {
			isa = PBXFrameworksBuildPhase;
			buildActionMask = 2147483647;
			files = (
			);
			runOnlyForDeploymentPostprocessing = 0;
		};
/* End PBXFrameworksBuildPhase section */

/* Begin PBXGroup section */
		D56D7C922216190500B3D409 = {
			isa = PBXGroup;
			children = (
				D56D7C9D2216190600B3D409 /* CS656_NFCAPP */,
				D56D7CB52216190700B3D409 /* CS656_NFCAPPTests */,
				D56D7CC02216190700B3D409 /* CS656_NFCAPPUITests */,
				D56D7C9C2216190600B3D409 /* Products */,
			);
			sourceTree = "<group>";
		};
		D56D7C9C2216190600B3D409 /* Products */ = {
			isa = PBXGroup;
			children = (
				D56D7C9B2216190600B3D409 /* CS656_NFCAPP.app */,
				D56D7CB22216190700B3D409 /* CS656_NFCAPPTests.xctest */,
				D56D7CBD2216190700B3D409 /* CS656_NFCAPPUITests.xctest */,
			);
			name = Products;
			sourceTree = "<group>";
		};
		D56D7C9D2216190600B3D409 /* CS656_NFCAPP */ = {
			isa = PBXGroup;
			children = (
				D56D7C9E2216190600B3D409 /* AppDelegate.swift */,
				D56D7CA02216190600B3D409 /* ViewController.swift */,
				D56D7CA22216190600B3D409 /* Main.storyboard */,
				D56D7CA82216190700B3D409 /* Assets.xcassets */,
				D56D7CAA2216190700B3D409 /* LaunchScreen.storyboard */,
				D56D7CAD2216190700B3D409 /* Info.plist */,
				D56D7CA52216190600B3D409 /* CS656_NFCAPP.xcdatamodeld */,
			);
			path = CS656_NFCAPP;
			sourceTree = "<group>";
		};
		D56D7CB52216190700B3D409 /* CS656_NFCAPPTests */ = {
			isa = PBXGroup;
			children = (
				D56D7CB62216190700B3D409 /* CS656_NFCAPPTests.swift */,
				D56D7CB82216190700B3D409 /* Info.plist */,
			);
			path = CS656_NFCAPPTests;
			sourceTree = "<group>";
		};
		D56D7CC02216190700B3D409 /* CS656_NFCAPPUITests */ = {
			isa = PBXGroup;
			children = (
				D56D7CC12216190700B3D409 /* CS656_NFCAPPUITests.swift */,
				D56D7CC32216190700B3D409 /* Info.plist */,
			);
			path = CS656_NFCAPPUITests;
			sourceTree = "<group>";
		};
/* End PBXGroup section */

/* Begin PBXNativeTarget section */
		D56D7C9A2216190500B3D409 /* CS656_NFCAPP */ = {
			isa = PBXNativeTarget;
			buildConfigurationList = D56D7CC62216190700B3D409 /* Build configuration list for PBXNativeTarget "CS656_NFCAPP" */;
			buildPhases = (
				D56D7C972216190500B3D409 /* Sources */,
				D56D7C982216190500B3D409 /* Frameworks */,
				D56D7C992216190500B3D409 /* Resources */,
			);
			buildRules = (
			);
			dependencies = (
			);
			name = CS656_NFCAPP;
			productName = CS656_NFCAPP;
			productReference = D56D7C9B2216190600B3D409 /* CS656_NFCAPP.app */;
			productType = "com.apple.product-type.application";
		};
		D56D7CB12216190700B3D409 /* CS656_NFCAPPTests */ = {
			isa = PBXNativeTarget;
			buildConfigurationList = D56D7CC92216190700B3D409 /* Build configuration list for PBXNativeTarget "CS656_NFCAPPTests" */;
			buildPhases = (
				D56D7CAE2216190700B3D409 /* Sources */,
				D56D7CAF2216190700B3D409 /* Frameworks */,
				D56D7CB02216190700B3D409 /* Resources */,
			);
			buildRules = (
			);
			dependencies = (
				D56D7CB42216190700B3D409 /* PBXTargetDependency */,
			);
			name = CS656_NFCAPPTests;
			productName = CS656_NFCAPPTests;
			productReference = D56D7CB22216190700B3D409 /* CS656_NFCAPPTests.xctest */;
			productType = "com.apple.product-type.bundle.unit-test";
		};
		D56D7CBC2216190700B3D409 /* CS656_NFCAPPUITests */ = {
			isa = PBXNativeTarget;
			buildConfigurationList = D56D7CCC2216190700B3D409 /* Build configuration list for PBXNativeTarget "CS656_NFCAPPUITests" */;
			buildPhases = (
				D56D7CB92216190700B3D409 /* Sources */,
				D56D7CBA2216190700B3D409 /* Frameworks */,
				D56D7CBB2216190700B3D409 /* Resources */,
			);
			buildRules = (
			);
			dependencies = (
				D56D7CBF2216190700B3D409 /* PBXTargetDependency */,
			);
			name = CS656_NFCAPPUITests;
			productName = CS656_NFCAPPUITests;
			productReference = D56D7CBD2216190700B3D409 /* CS656_NFCAPPUITests.xctest */;
			productType = "com.apple.product-type.bundle.ui-testing";
		};
/* End PBXNativeTarget section */

/* Begin PBXProject section */
		D56D7C932216190500B3D409 /* Project object */ = {
			isa = PBXProject;
			attributes = {
				LastSwiftUpdateCheck = 1010;
				LastUpgradeCheck = 1010;
				ORGANIZATIONNAME = PeterB;
				TargetAttributes = {
					D56D7C9A2216190500B3D409 = {
						CreatedOnToolsVersion = 10.1;
					};
					D56D7CB12216190700B3D409 = {
						CreatedOnToolsVersion = 10.1;
						TestTargetID = D56D7C9A2216190500B3D409;
					};
					D56D7CBC2216190700B3D409 = {
						CreatedOnToolsVersion = 10.1;
						TestTargetID = D56D7C9A2216190500B3D409;
					};
				};
			};
			buildConfigurationList = D56D7C962216190500B3D409 /* Build configuration list for PBXProject "CS656_NFCAPP" */;
			compatibilityVersion = "Xcode 9.3";
			developmentRegion = en;
			hasScannedForEncodings = 0;
			knownRegions = (
				en,
				Base,
			);
			mainGroup = D56D7C922216190500B3D409;
			productRefGroup = D56D7C9C2216190600B3D409 /* Products */;
			projectDirPath = "";
			projectRoot = "";
			targets = (
				D56D7C9A2216190500B3D409 /* CS656_NFCAPP */,
				D56D7CB12216190700B3D409 /* CS656_NFCAPPTests */,
				D56D7CBC2216190700B3D409 /* CS656_NFCAPPUITests */,
			);
		};
/* End PBXProject section */

/* Begin PBXResourcesBuildPhase section */
		D56D7C992216190500B3D409 /* Resources */ = {
			isa = PBXResourcesBuildPhase;
			buildActionMask = 2147483647;
			files = (
				D56D7CAC2216190700B3D409 /* LaunchScreen.storyboard in Resources */,
				D56D7CA92216190700B3D409 /* Assets.xcassets in Resources */,
				D56D7CA42216190600B3D409 /* Main.storyboard in Resources */,
			);
			runOnlyForDeploymentPostprocessing = 0;
		};
		D56D7CB02216190700B3D409 /* Resources */ = {
			isa = PBXResourcesBuildPhase;
			buildActionMask = 2147483647;
			files = (
			);
			runOnlyForDeploymentPostprocessing = 0;
		};
		D56D7CBB2216190700B3D409 /* Resources */ = {
			isa = PBXResourcesBuildPhase;
			buildActionMask = 2147483647;
			files = (
			);
			runOnlyForDeploymentPostprocessing = 0;
		};
/* End PBXResourcesBuildPhase section */

/* Begin PBXSourcesBuildPhase section */
		D56D7C972216190500B3D409 /* Sources */ = {
			isa = PBXSourcesBuildPhase;
			buildActionMask = 2147483647;
			files = (
				D56D7CA12216190600B3D409 /* ViewController.swift in Sources */,
				D56D7CA72216190600B3D409 /* CS656_NFCAPP.xcdatamodeld in Sources */,
				D56D7C9F2216190600B3D409 /* AppDelegate.swift in Sources */,
			);
			runOnlyForDeploymentPostprocessing = 0;
		};
		D56D7CAE2216190700B3D409 /* Sources */ = {
			isa = PBXSourcesBuildPhase;
			buildActionMask = 2147483647;
			files = (
				D56D7CB72216190700B3D409 /* CS656_NFCAPPTests.swift in Sources */,
			);
			runOnlyForDeploymentPostprocessing = 0;
		};
		D56D7CB92216190700B3D409 /* Sources */ = {
			isa = PBXSourcesBuildPhase;
			buildActionMask = 2147483647;
			files = (
				D56D7CC22216190700B3D409 /* CS656_NFCAPPUITests.swift in Sources */,
			);
			runOnlyForDeploymentPostprocessing = 0;
		};
/* End PBXSourcesBuildPhase section */

/* Begin PBXTargetDependency section */
		D56D7CB42216190700B3D409 /* PBXTargetDependency */ = {
			isa = PBXTargetDependency;
			target = D56D7C9A2216190500B3D409 /* CS656_NFCAPP */;
			targetProxy = D56D7CB32216190700B3D409 /* PBXContainerItemProxy */;
		};
		D56D7CBF2216190700B3D409 /* PBXTargetDependency */ = {
			isa = PBXTargetDependency;
			target = D56D7C9A2216190500B3D409 /* CS656_NFCAPP */;
			targetProxy = D56D7CBE2216190700B3D409 /* PBXContainerItemProxy */;
		};
/* End PBXTargetDependency section */

/* Begin PBXVariantGroup section */
		D56D7CA22216190600B3D409 /* Main.storyboard */ = {
			isa = PBXVariantGroup;
			children = (
				D56D7CA32216190600B3D409 /* Base */,
			);
			name = Main.storyboard;
			sourceTree = "<group>";
		};
		D56D7CAA2216190700B3D409 /* LaunchScreen.storyboard */ = {
			isa = PBXVariantGroup;
			children = (
				D56D7CAB2216190700B3D409 /* Base */,
			);
			name = LaunchScreen.storyboard;
			sourceTree = "<group>";
		};
/* End PBXVariantGroup section */

/* Begin XCBuildConfiguration section */
		D56D7CC42216190700B3D409 /* Debug */ = {
			isa = XCBuildConfiguration;
			buildSettings = {
				ALWAYS_SEARCH_USER_PATHS = NO;
				CLANG_ANALYZER_NONNULL = YES;
				CLANG_ANALYZER_NUMBER_OBJECT_CONVERSION = YES_AGGRESSIVE;
				CLANG_CXX_LANGUAGE_STANDARD = "gnu++14";
				CLANG_CXX_LIBRARY = "libc++";
				CLANG_ENABLE_MODULES = YES;
				CLANG_ENABLE_OBJC_ARC = YES;
				CLANG_ENABLE_OBJC_WEAK = YES;
				CLANG_WARN_BLOCK_CAPTURE_AUTORELEASING = YES;
				CLANG_WARN_BOOL_CONVERSION = YES;
				CLANG_WARN_COMMA = YES;
				CLANG_WARN_CONSTANT_CONVERSION = YES;
				CLANG_WARN_DEPRECATED_OBJC_IMPLEMENTATIONS = YES;
				CLANG_WARN_DIRECT_OBJC_ISA_USAGE = YES_ERROR;
				CLANG_WARN_DOCUMENTATION_COMMENTS = YES;
				CLANG_WARN_EMPTY_BODY = YES;
				CLANG_WARN_ENUM_CONVERSION = YES;
				CLANG_WARN_INFINITE_RECURSION = YES;
				CLANG_WARN_INT_CONVERSION = YES;
				CLANG_WARN_NON_LITERAL_NULL_CONVERSION = YES;
				CLANG_WARN_OBJC_IMPLICIT_RETAIN_SELF = YES;
				CLANG_WARN_OBJC_LITERAL_CONVERSION = YES;
				CLANG_WARN_OBJC_ROOT_CLASS = YES_ERROR;
				CLANG_WARN_RANGE_LOOP_ANALYSIS = YES;
				CLANG_WARN_STRICT_PROTOTYPES = YES;
				CLANG_WARN_SUSPICIOUS_MOVE = YES;
				CLANG_WARN_UNGUARDED_AVAILABILITY = YES_AGGRESSIVE;
				CLANG_WARN_UNREACHABLE_CODE = YES;
				CLANG_WARN__DUPLICATE_METHOD_MATCH = YES;
				CODE_SIGN_IDENTITY = "iPhone Developer";
				COPY_PHASE_STRIP = NO;
				DEBUG_INFORMATION_FORMAT = dwarf;
				ENABLE_STRICT_OBJC_MSGSEND = YES;
				ENABLE_TESTABILITY = YES;
				GCC_C_LANGUAGE_STANDARD = gnu11;
				GCC_DYNAMIC_NO_PIC = NO;
				GCC_NO_COMMON_BLOCKS = YES;
				GCC_OPTIMIZATION_LEVEL = 0;
				GCC_PREPROCESSOR_DEFINITIONS = (
					"DEBUG=1",
					"$(inherited)",
				);
				GCC_WARN_64_TO_32_BIT_CONVERSION = YES;
				GCC_WARN_ABOUT_RETURN_TYPE = YES_ERROR;
				GCC_WARN_UNDECLARED_SELECTOR = YES;
				GCC_WARN_UNINITIALIZED_AUTOS = YES_AGGRESSIVE;
				GCC_WARN_UNUSED_FUNCTION = YES;
				GCC_WARN_UNUSED_VARIABLE = YES;
				IPHONEOS_DEPLOYMENT_TARGET = 12.1;
				MTL_ENABLE_DEBUG_INFO = INCLUDE_SOURCE;
				MTL_FAST_MATH = YES;
				ONLY_ACTIVE_ARCH = YES;
				SDKROOT = iphoneos;
				SWIFT_ACTIVE_COMPILATION_CONDITIONS = DEBUG;
				SWIFT_OPTIMIZATION_LEVEL = "-Onone";
			};
			name = Debug;
		};
		D56D7CC52216190700B3D409 /* Release */ = {
			isa = XCBuildConfiguration;
			buildSettings = {
				ALWAYS_SEARCH_USER_PATHS = NO;
				CLANG_ANALYZER_NONNULL = YES;
				CLANG_ANALYZER_NUMBER_OBJECT_CONVERSION = YES_AGGRESSIVE;
				CLANG_CXX_LANGUAGE_STANDARD = "gnu++14";
				CLANG_CXX_LIBRARY = "libc++";
				CLANG_ENABLE_MODULES = YES;
				CLANG_ENABLE_OBJC_ARC = YES;
				CLANG_ENABLE_OBJC_WEAK = YES;
				CLANG_WARN_BLOCK_CAPTURE_AUTORELEASING = YES;
				CLANG_WARN_BOOL_CONVERSION = YES;
				CLANG_WARN_COMMA = YES;
				CLANG_WARN_CONSTANT_CONVERSION = YES;
				CLANG_WARN_DEPRECATED_OBJC_IMPLEMENTATIONS = YES;
				CLANG_WARN_DIRECT_OBJC_ISA_USAGE = YES_ERROR;
				CLANG_WARN_DOCUMENTATION_COMMENTS = YES;
				CLANG_WARN_EMPTY_BODY = YES;
				CLANG_WARN_ENUM_CONVERSION = YES;
				CLANG_WARN_INFINITE_RECURSION = YES;
				CLANG_WARN_INT_CONVERSION = YES;
				CLANG_WARN_NON_LITERAL_NULL_CONVERSION = YES;
				CLANG_WARN_OBJC_IMPLICIT_RETAIN_SELF = YES;
				CLANG_WARN_OBJC_LITERAL_CONVERSION = YES;
				CLANG_WARN_OBJC_ROOT_CLASS = YES_ERROR;
				CLANG_WARN_RANGE_LOOP_ANALYSIS = YES;
				CLANG_WARN_STRICT_PROTOTYPES = YES;
				CLANG_WARN_SUSPICIOUS_MOVE = YES;
				CLANG_WARN_UNGUARDED_AVAILABILITY = YES_AGGRESSIVE;
				CLANG_WARN_UNREACHABLE_CODE = YES;
				CLANG_WARN__DUPLICATE_METHOD_MATCH = YES;
				CODE_SIGN_IDENTITY = "iPhone Developer";
				COPY_PHASE_STRIP = NO;
				DEBUG_INFORMATION_FORMAT = "dwarf-with-dsym";
				ENABLE_NS_ASSERTIONS = NO;
				ENABLE_STRICT_OBJC_MSGSEND = YES;
				GCC_C_LANGUAGE_STANDARD = gnu11;
				GCC_NO_COMMON_BLOCKS = YES;
				GCC_WARN_64_TO_32_BIT_CONVERSION = YES;
				GCC_WARN_ABOUT_RETURN_TYPE = YES_ERROR;
				GCC_WARN_UNDECLARED_SELECTOR = YES;
				GCC_WARN_UNINITIALIZED_AUTOS = YES_AGGRESSIVE;
				GCC_WARN_UNUSED_FUNCTION = YES;
				GCC_WARN_UNUSED_VARIABLE = YES;
				IPHONEOS_DEPLOYMENT_TARGET = 12.1;
				MTL_ENABLE_DEBUG_INFO = NO;
				MTL_FAST_MATH = YES;
				SDKROOT = iphoneos;
				SWIFT_COMPILATION_MODE = wholemodule;
				SWIFT_OPTIMIZATION_LEVEL = "-O";
				VALIDATE_PRODUCT = YES;
			};
			name = Release;
		};
		D56D7CC72216190700B3D409 /* Debug */ = {
			isa = XCBuildConfiguration;
			buildSettings = {
				ASSETCATALOG_COMPILER_APPICON_NAME = AppIcon;
				CODE_SIGN_STYLE = Automatic;
				INFOPLIST_FILE = CS656_NFCAPP/Info.plist;
				LD_RUNPATH_SEARCH_PATHS = (
					"$(inherited)",
					"@executable_path/Frameworks",
				);
				PRODUCT_BUNDLE_IDENTIFIER = "PeterB.CS656-NFCAPP";
				PRODUCT_NAME = "$(TARGET_NAME)";
				SWIFT_VERSION = 4.2;
				TARGETED_DEVICE_FAMILY = "1,2";
			};
			name = Debug;
		};
		D56D7CC82216190700B3D409 /* Release */ = {
			isa = XCBuildConfiguration;
			buildSettings = {
				ASSETCATALOG_COMPILER_APPICON_NAME = AppIcon;
				CODE_SIGN_STYLE = Automatic;
				INFOPLIST_FILE = CS656_NFCAPP/Info.plist;
				LD_RUNPATH_SEARCH_PATHS = (
					"$(inherited)",
					"@executable_path/Frameworks",
				);
				PRODUCT_BUNDLE_IDENTIFIER = "PeterB.CS656-NFCAPP";
				PRODUCT_NAME = "$(TARGET_NAME)";
				SWIFT_VERSION = 4.2;
				TARGETED_DEVICE_FAMILY = "1,2";
			};
			name = Release;
		};
		D56D7CCA2216190700B3D409 /* Debug */ = {
			isa = XCBuildConfiguration;
			buildSettings = {
				ALWAYS_EMBED_SWIFT_STANDARD_LIBRARIES = YES;
				BUNDLE_LOADER = "$(TEST_HOST)";
				CODE_SIGN_STYLE = Automatic;
				INFOPLIST_FILE = CS656_NFCAPPTests/Info.plist;
				LD_RUNPATH_SEARCH_PATHS = (
					"$(inherited)",
					"@executable_path/Frameworks",
					"@loader_path/Frameworks",
				);
				PRODUCT_BUNDLE_IDENTIFIER = "PeterB.CS656-NFCAPPTests";
				PRODUCT_NAME = "$(TARGET_NAME)";
				SWIFT_VERSION = 4.2;
				TARGETED_DEVICE_FAMILY = "1,2";
				TEST_HOST = "$(BUILT_PRODUCTS_DIR)/CS656_NFCAPP.app/CS656_NFCAPP";
			};
			name = Debug;
		};
		D56D7CCB2216190700B3D409 /* Release */ = {
			isa = XCBuildConfiguration;
			buildSettings = {
				ALWAYS_EMBED_SWIFT_STANDARD_LIBRARIES = YES;
				BUNDLE_LOADER = "$(TEST_HOST)";
				CODE_SIGN_STYLE = Automatic;
				INFOPLIST_FILE = CS656_NFCAPPTests/Info.plist;
				LD_RUNPATH_SEARCH_PATHS = (
					"$(inherited)",
					"@executable_path/Frameworks",
					"@loader_path/Frameworks",
				);
				PRODUCT_BUNDLE_IDENTIFIER = "PeterB.CS656-NFCAPPTests";
				PRODUCT_NAME = "$(TARGET_NAME)";
				SWIFT_VERSION = 4.2;
				TARGETED_DEVICE_FAMILY = "1,2";
				TEST_HOST = "$(BUILT_PRODUCTS_DIR)/CS656_NFCAPP.app/CS656_NFCAPP";
			};
			name = Release;
		};
		D56D7CCD2216190700B3D409 /* Debug */ = {
			isa = XCBuildConfiguration;
			buildSettings = {
				ALWAYS_EMBED_SWIFT_STANDARD_LIBRARIES = YES;
				CODE_SIGN_STYLE = Automatic;
				INFOPLIST_FILE = CS656_NFCAPPUITests/Info.plist;
				LD_RUNPATH_SEARCH_PATHS = (
					"$(inherited)",
					"@executable_path/Frameworks",
					"@loader_path/Frameworks",
				);
				PRODUCT_BUNDLE_IDENTIFIER = "PeterB.CS656-NFCAPPUITests";
				PRODUCT_NAME = "$(TARGET_NAME)";
				SWIFT_VERSION = 4.2;
				TARGETED_DEVICE_FAMILY = "1,2";
				TEST_TARGET_NAME = CS656_NFCAPP;
			};
			name = Debug;
		};
		D56D7CCE2216190700B3D409 /* Release */ = {
			isa = XCBuildConfiguration;
			buildSettings = {
				ALWAYS_EMBED_SWIFT_STANDARD_LIBRARIES = YES;
				CODE_SIGN_STYLE = Automatic;
				INFOPLIST_FILE = CS656_NFCAPPUITests/Info.plist;
				LD_RUNPATH_SEARCH_PATHS = (
					"$(inherited)",
					"@executable_path/Frameworks",
					"@loader_path/Frameworks",
				);
				PRODUCT_BUNDLE_IDENTIFIER = "PeterB.CS656-NFCAPPUITests";
				PRODUCT_NAME = "$(TARGET_NAME)";
				SWIFT_VERSION = 4.2;
				TARGETED_DEVICE_FAMILY = "1,2";
				TEST_TARGET_NAME = CS656_NFCAPP;
			};
			name = Release;
		};
/* End XCBuildConfiguration section */

/* Begin XCConfigurationList section */
		D56D7C962216190500B3D409 /* Build configuration list for PBXProject "CS656_NFCAPP" */ = {
			isa = XCConfigurationList;
			buildConfigurations = (
				D56D7CC42216190700B3D409 /* Debug */,
				D56D7CC52216190700B3D409 /* Release */,
			);
			defaultConfigurationIsVisible = 0;
			defaultConfigurationName = Release;
		};
		D56D7CC62216190700B3D409 /* Build configuration list for PBXNativeTarget "CS656_NFCAPP" */ = {
			isa = XCConfigurationList;
			buildConfigurations = (
				D56D7CC72216190700B3D409 /* Debug */,
				D56D7CC82216190700B3D409 /* Release */,
			);
			defaultConfigurationIsVisible = 0;
			defaultConfigurationName = Release;
		};
		D56D7CC92216190700B3D409 /* Build configuration list for PBXNativeTarget "CS656_NFCAPPTests" */ = {
			isa = XCConfigurationList;
			buildConfigurations = (
				D56D7CCA2216190700B3D409 /* Debug */,
				D56D7CCB2216190700B3D409 /* Release */,
			);
			defaultConfigurationIsVisible = 0;
			defaultConfigurationName = Release;
		};
		D56D7CCC2216190700B3D409 /* Build configuration list for PBXNativeTarget "CS656_NFCAPPUITests" */ = {
			isa = XCConfigurationList;
			buildConfigurations = (
				D56D7CCD2216190700B3D409 /* Debug */,
				D56D7CCE2216190700B3D409 /* Release */,
			);
			defaultConfigurationIsVisible = 0;
			defaultConfigurationName = Release;
		};
/* End XCConfigurationList section */

/* Begin XCVersionGroup section */
		D56D7CA52216190600B3D409 /* CS656_NFCAPP.xcdatamodeld */ = {
			isa = XCVersionGroup;
			children = (
				D56D7CA62216190600B3D409 /* CS656_NFCAPP.xcdatamodel */,
			);
			currentVersion = D56D7CA62216190600B3D409 /* CS656_NFCAPP.xcdatamodel */;
			path = CS656_NFCAPP.xcdatamodeld;
			sourceTree = "<group>";
			versionGroupType = wrapper.xcdatamodel;
		};
/* End XCVersionGroup section */
	};
	rootObject = D56D7C932216190500B3D409 /* Project object */;
}
